Microsoft Visual Studio Solution File, Format Version 12.00
# Visual Studio 2012
Project("{FAE04EC0-301F-11D3-BF4B-00C04F79EFBC}") = "TestSubjectEnrageBalance", "TestSubjectEnrageBalance.csproj", "{81FD519A-77D1-49E8-AD06-992592F45FCA}"
EndProject
Global
	GlobalSection(SolutionConfigurationPlatforms) = preSolution
	Debug|Any CPU = Debug|Any CPU
	ExportDebug|Any CPU = ExportDebug|Any CPU
	ExportRelease|Any CPU = ExportRelease|Any CPU
	EndGlobalSection
	GlobalSection(ProjectConfigurationPlatforms) = postSolution
		{81FD519A-77D1-49E8-AD06-992592F45FCA}.Debug|Any CPU.ActiveCfg = Debug|Any CPU
		{81FD519A-77D1-49E8-AD06-992592F45FCA}.Debug|Any CPU.Build.0 = Debug|Any CPU
		{81FD519A-77D1-49E8-AD06-992592F45FCA}.ExportDebug|Any CPU.ActiveCfg = ExportDebug|Any CPU
		{81FD519A-77D1-49E8-AD06-992592F45FCA}.ExportDebug|Any CPU.Build.0 = ExportDebug|Any CPU
		{81FD519A-77D1-49E8-AD06-992592F45FCA}.ExportRelease|Any CPU.ActiveCfg = ExportRelease|Any CPU
		{81FD519A-77D1-49E8-AD06-992592F45FCA}.ExportRelease|Any CPU.Build.0 = ExportRelease|Any CPU
	EndGlobalSection
EndGlobal
